// !$*UTF8*$!
{
	archiveVersion = 1;
	classes = {
	};
	objectVersion = 50;
	objects = {

/* Begin PBXBuildFile section */
		0528E1C920D8EF01007774B3 /* AppDelegate.swift in Sources */ = {isa = PBXBuildFile; fileRef = 0528E1C820D8EF01007774B3 /* AppDelegate.swift */; };
		0528E1CB20D8EF01007774B3 /* ViewController.swift in Sources */ = {isa = PBXBuildFile; fileRef = 0528E1CA20D8EF01007774B3 /* ViewController.swift */; };
		0528E1D020D8EF03007774B3 /* Assets.xcassets in Resources */ = {isa = PBXBuildFile; fileRef = 0528E1CF20D8EF03007774B3 /* Assets.xcassets */; };
		0528E1D320D8EF03007774B3 /* LaunchScreen.storyboard in Resources */ = {isa = PBXBuildFile; fileRef = 0528E1D120D8EF03007774B3 /* LaunchScreen.storyboard */; };
		0528E1DE20D8EF03007774B3 /* YSKouDaiDemoTests.swift in Sources */ = {isa = PBXBuildFile; fileRef = 0528E1DD20D8EF03007774B3 /* YSKouDaiDemoTests.swift */; };
		0528E1E920D8EF03007774B3 /* YSKouDaiDemoUITests.swift in Sources */ = {isa = PBXBuildFile; fileRef = 0528E1E820D8EF03007774B3 /* YSKouDaiDemoUITests.swift */; };
		0528E1FC20D8F1D7007774B3 /* NetWorkManager.swift in Sources */ = {isa = PBXBuildFile; fileRef = 0528E1FB20D8F1D7007774B3 /* NetWorkManager.swift */; };
		0528E20020D8F6D0007774B3 /* KdTableViewCell.swift in Sources */ = {isa = PBXBuildFile; fileRef = 0528E1FE20D8F6D0007774B3 /* KdTableViewCell.swift */; };
		0528E20220D902EC007774B3 /* AViewController.swift in Sources */ = {isa = PBXBuildFile; fileRef = 0528E20120D902EC007774B3 /* AViewController.swift */; };
		0528E20420D902F9007774B3 /* BViewController.swift in Sources */ = {isa = PBXBuildFile; fileRef = 0528E20320D902F9007774B3 /* BViewController.swift */; };
		D12045542563B3A0B946E8C2 /* Pods_YSKouDaiDemo.framework in Frameworks */ = {isa = PBXBuildFile; fileRef = FAAFC7372CBE07D9E9ED8FE9 /* Pods_YSKouDaiDemo.framework */; };
/* End PBXBuildFile section */

/* Begin PBXContainerItemProxy section */
		0528E1DA20D8EF03007774B3 /* PBXContainerItemProxy */ = {
			isa = PBXContainerItemProxy;
			containerPortal = 0528E1BD20D8EF01007774B3 /* Project object */;
			proxyType = 1;
			remoteGlobalIDString = 0528E1C420D8EF01007774B3;
			remoteInfo = YSKouDaiDemo;
		};
		0528E1E520D8EF03007774B3 /* PBXContainerItemProxy */ = {
			isa = PBXContainerItemProxy;
			containerPortal = 0528E1BD20D8EF01007774B3 /* Project object */;
			proxyType = 1;
			remoteGlobalIDString = 0528E1C420D8EF01007774B3;
			remoteInfo = YSKouDaiDemo;
		};
/* End PBXContainerItemProxy section */

/* Begin PBXFileReference section */
		0528E1C520D8EF01007774B3 /* YSKouDaiDemo.app */ = {isa = PBXFileReference; explicitFileType = wrapper.application; includeInIndex = 0; path = YSKouDaiDemo.app; sourceTree = BUILT_PRODUCTS_DIR; };
		0528E1C820D8EF01007774B3 /* AppDelegate.swift */ = {isa = PBXFileReference; lastKnownFileType = sourcecode.swift; path = AppDelegate.swift; sourceTree = "<group>"; };
		0528E1CA20D8EF01007774B3 /* ViewController.swift */ = {isa = PBXFileReference; lastKnownFileType = sourcecode.swift; path = ViewController.swift; sourceTree = "<group>"; };
		0528E1CF20D8EF03007774B3 /* Assets.xcassets */ = {isa = PBXFileReference; lastKnownFileType = folder.assetcatalog; path = Assets.xcassets; sourceTree = "<group>"; };
		0528E1D220D8EF03007774B3 /* Base */ = {isa = PBXFileReference; lastKnownFileType = file.storyboard; name = Base; path = Base.lproj/LaunchScreen.storyboard; sourceTree = "<group>"; };
		0528E1D420D8EF03007774B3 /* Info.plist */ = {isa = PBXFileReference; lastKnownFileType = text.plist.xml; path = Info.plist; sourceTree = "<group>"; };
		0528E1D920D8EF03007774B3 /* YSKouDaiDemoTests.xctest */ = {isa = PBXFileReference; explicitFileType = wrapper.cfbundle; includeInIndex = 0; path = YSKouDaiDemoTests.xctest; sourceTree = BUILT_PRODUCTS_DIR; };
		0528E1DD20D8EF03007774B3 /* YSKouDaiDemoTests.swift */ = {isa = PBXFileReference; lastKnownFileType = sourcecode.swift; path = YSKouDaiDemoTests.swift; sourceTree = "<group>"; };
		0528E1DF20D8EF03007774B3 /* Info.plist */ = {isa = PBXFileReference; lastKnownFileType = text.plist.xml; path = Info.plist; sourceTree = "<group>"; };
		0528E1E420D8EF03007774B3 /* YSKouDaiDemoUITests.xctest */ = {isa = PBXFileReference; explicitFileType = wrapper.cfbundle; includeInIndex = 0; path = YSKouDaiDemoUITests.xctest; sourceTree = BUILT_PRODUCTS_DIR; };
		0528E1E820D8EF03007774B3 /* YSKouDaiDemoUITests.swift */ = {isa = PBXFileReference; lastKnownFileType = sourcecode.swift; path = YSKouDaiDemoUITests.swift; sourceTree = "<group>"; };
		0528E1EA20D8EF03007774B3 /* Info.plist */ = {isa = PBXFileReference; lastKnownFileType = text.plist.xml; path = Info.plist; sourceTree = "<group>"; };
		0528E1FB20D8F1D7007774B3 /* NetWorkManager.swift */ = {isa = PBXFileReference; lastKnownFileType = sourcecode.swift; path = NetWorkManager.swift; sourceTree = "<group>"; };
		0528E1FE20D8F6D0007774B3 /* KdTableViewCell.swift */ = {isa = PBXFileReference; fileEncoding = 4; lastKnownFileType = sourcecode.swift; path = KdTableViewCell.swift; sourceTree = "<group>"; };
		0528E20120D902EC007774B3 /* AViewController.swift */ = {isa = PBXFileReference; lastKnownFileType = sourcecode.swift; path = AViewController.swift; sourceTree = "<group>"; };
		0528E20320D902F9007774B3 /* BViewController.swift */ = {isa = PBXFileReference; lastKnownFileType = sourcecode.swift; path = BViewController.swift; sourceTree = "<group>"; };
		99745FAD48CAA7C2450483F6 /* Pods-YSKouDaiDemo.release.xcconfig */ = {isa = PBXFileReference; includeInIndex = 1; lastKnownFileType = text.xcconfig; name = "Pods-YSKouDaiDemo.release.xcconfig"; path = "Pods/Target Support Files/Pods-YSKouDaiDemo/Pods-YSKouDaiDemo.release.xcconfig"; sourceTree = "<group>"; };
		A2CE6A0F9D23BB24A8F68D85 /* Pods-YSKouDaiDemo.debug.xcconfig */ = {isa = PBXFileReference; includeInIndex = 1; lastKnownFileType = text.xcconfig; name = "Pods-YSKouDaiDemo.debug.xcconfig"; path = "Pods/Target Support Files/Pods-YSKouDaiDemo/Pods-YSKouDaiDemo.debug.xcconfig"; sourceTree = "<group>"; };
		FAAFC7372CBE07D9E9ED8FE9 /* Pods_YSKouDaiDemo.framework */ = {isa = PBXFileReference; explicitFileType = wrapper.framework; includeInIndex = 0; path = Pods_YSKouDaiDemo.framework; sourceTree = BUILT_PRODUCTS_DIR; };
/* End PBXFileReference section */

/* Begin PBXFrameworksBuildPhase section */
		0528E1C220D8EF01007774B3 /* Frameworks */ = {
			isa = PBXFrameworksBuildPhase;
			buildActionMask = 2147483647;
			files = (
				D12045542563B3A0B946E8C2 /* Pods_YSKouDaiDemo.framework in Frameworks */,
			);
			runOnlyForDeploymentPostprocessing = 0;
		};
		0528E1D620D8EF03007774B3 /* Frameworks */ = {
			isa = PBXFrameworksBuildPhase;
			buildActionMask = 2147483647;
			files = (
			);
			runOnlyForDeploymentPostprocessing = 0;
		};
		0528E1E120D8EF03007774B3 /* Frameworks */ = {
			isa = PBXFrameworksBuildPhase;
			buildActionMask = 2147483647;
			files = (
			);
			runOnlyForDeploymentPostprocessing = 0;
		};
/* End PBXFrameworksBuildPhase section */

/* Begin PBXGroup section */
		0528E1BC20D8EF01007774B3 = {
			isa = PBXGroup;
			children = (
				0528E1C720D8EF01007774B3 /* YSKouDaiDemo */,
				0528E1DC20D8EF03007774B3 /* YSKouDaiDemoTests */,
				0528E1E720D8EF03007774B3 /* YSKouDaiDemoUITests */,
				0528E1C620D8EF01007774B3 /* Products */,
				3EE0087329A4A642CF17C1F9 /* Pods */,
				C79CE9B986AAD7FADF415D01 /* Frameworks */,
			);
			sourceTree = "<group>";
		};
		0528E1C620D8EF01007774B3 /* Products */ = {
			isa = PBXGroup;
			children = (
				0528E1C520D8EF01007774B3 /* YSKouDaiDemo.app */,
				0528E1D920D8EF03007774B3 /* YSKouDaiDemoTests.xctest */,
				0528E1E420D8EF03007774B3 /* YSKouDaiDemoUITests.xctest */,
			);
			name = Products;
			sourceTree = "<group>";
		};
		0528E1C720D8EF01007774B3 /* YSKouDaiDemo */ = {
			isa = PBXGroup;
			children = (
				0528E1FA20D8F153007774B3 /* Global */,
				0528E1F620D8F153007774B3 /* Main */,
				0528E1C820D8EF01007774B3 /* AppDelegate.swift */,
				0528E1CF20D8EF03007774B3 /* Assets.xcassets */,
				0528E1D120D8EF03007774B3 /* LaunchScreen.storyboard */,
				0528E1D420D8EF03007774B3 /* Info.plist */,
			);
			path = YSKouDaiDemo;
			sourceTree = "<group>";
		};
		0528E1DC20D8EF03007774B3 /* YSKouDaiDemoTests */ = {
			isa = PBXGroup;
			children = (
				0528E1DD20D8EF03007774B3 /* YSKouDaiDemoTests.swift */,
				0528E1DF20D8EF03007774B3 /* Info.plist */,
			);
			path = YSKouDaiDemoTests;
			sourceTree = "<group>";
		};
		0528E1E720D8EF03007774B3 /* YSKouDaiDemoUITests */ = {
			isa = PBXGroup;
			children = (
				0528E1E820D8EF03007774B3 /* YSKouDaiDemoUITests.swift */,
				0528E1EA20D8EF03007774B3 /* Info.plist */,
			);
			path = YSKouDaiDemoUITests;
			sourceTree = "<group>";
		};
		0528E1F620D8F153007774B3 /* Main */ = {
			isa = PBXGroup;
			children = (
				0528E1F720D8F153007774B3 /* M */,
				0528E1F820D8F153007774B3 /* C */,
				0528E1F920D8F153007774B3 /* V */,
			);
			path = Main;
			sourceTree = "<group>";
		};
		0528E1F720D8F153007774B3 /* M */ = {
			isa = PBXGroup;
			children = (
			);
			path = M;
			sourceTree = "<group>";
		};
		0528E1F820D8F153007774B3 /* C */ = {
			isa = PBXGroup;
			children = (
				0528E1CA20D8EF01007774B3 /* ViewController.swift */,
				0528E20120D902EC007774B3 /* AViewController.swift */,
				0528E20320D902F9007774B3 /* BViewController.swift */,
			);
			path = C;
			sourceTree = "<group>";
		};
		0528E1F920D8F153007774B3 /* V */ = {
			isa = PBXGroup;
			children = (
				0528E1FE20D8F6D0007774B3 /* KdTableViewCell.swift */,
			);
			path = V;
			sourceTree = "<group>";
		};
		0528E1FA20D8F153007774B3 /* Global */ = {
			isa = PBXGroup;
			children = (
				0528E1FB20D8F1D7007774B3 /* NetWorkManager.swift */,
			);
			path = Global;
			sourceTree = "<group>";
		};
		3EE0087329A4A642CF17C1F9 /* Pods */ = {
			isa = PBXGroup;
			children = (
				A2CE6A0F9D23BB24A8F68D85 /* Pods-YSKouDaiDemo.debug.xcconfig */,
				99745FAD48CAA7C2450483F6 /* Pods-YSKouDaiDemo.release.xcconfig */,
			);
			name = Pods;
			sourceTree = "<group>";
		};
		C79CE9B986AAD7FADF415D01 /* Frameworks */ = {
			isa = PBXGroup;
			children = (
				FAAFC7372CBE07D9E9ED8FE9 /* Pods_YSKouDaiDemo.framework */,
			);
			name = Frameworks;
			sourceTree = "<group>";
		};
/* End PBXGroup section */

/* Begin PBXNativeTarget section */
		0528E1C420D8EF01007774B3 /* YSKouDaiDemo */ = {
			isa = PBXNativeTarget;
			buildConfigurationList = 0528E1ED20D8EF03007774B3 /* Build configuration list for PBXNativeTarget "YSKouDaiDemo" */;
			buildPhases = (
				7BE873A712105527ACD8B370 /* [CP] Check Pods Manifest.lock */,
				0528E1C120D8EF01007774B3 /* Sources */,
				0528E1C220D8EF01007774B3 /* Frameworks */,
				0528E1C320D8EF01007774B3 /* Resources */,
				054CBA927DEC319EF81F60A7 /* [CP] Embed Pods Frameworks */,
				4E208B3DCFA9E7BA70793543 /* [CP] Copy Pods Resources */,
			);
			buildRules = (
			);
			dependencies = (
			);
			name = YSKouDaiDemo;
			productName = YSKouDaiDemo;
			productReference = 0528E1C520D8EF01007774B3 /* YSKouDaiDemo.app */;
			productType = "com.apple.product-type.application";
		};
		0528E1D820D8EF03007774B3 /* YSKouDaiDemoTests */ = {
			isa = PBXNativeTarget;
			buildConfigurationList = 0528E1F020D8EF03007774B3 /* Build configuration list for PBXNativeTarget "YSKouDaiDemoTests" */;
			buildPhases = (
				0528E1D520D8EF03007774B3 /* Sources */,
				0528E1D620D8EF03007774B3 /* Frameworks */,
				0528E1D720D8EF03007774B3 /* Resources */,
			);
			buildRules = (
			);
			dependencies = (
				0528E1DB20D8EF03007774B3 /* PBXTargetDependency */,
			);
			name = YSKouDaiDemoTests;
			productName = YSKouDaiDemoTests;
			productReference = 0528E1D920D8EF03007774B3 /* YSKouDaiDemoTests.xctest */;
			productType = "com.apple.product-type.bundle.unit-test";
		};
		0528E1E320D8EF03007774B3 /* YSKouDaiDemoUITests */ = {
			isa = PBXNativeTarget;
			buildConfigurationList = 0528E1F320D8EF03007774B3 /* Build configuration list for PBXNativeTarget "YSKouDaiDemoUITests" */;
			buildPhases = (
				0528E1E020D8EF03007774B3 /* Sources */,
				0528E1E120D8EF03007774B3 /* Frameworks */,
				0528E1E220D8EF03007774B3 /* Resources */,
			);
			buildRules = (
			);
			dependencies = (
				0528E1E620D8EF03007774B3 /* PBXTargetDependency */,
			);
			name = YSKouDaiDemoUITests;
			productName = YSKouDaiDemoUITests;
			productReference = 0528E1E420D8EF03007774B3 /* YSKouDaiDemoUITests.xctest */;
			productType = "com.apple.product-type.bundle.ui-testing";
		};
/* End PBXNativeTarget section */

/* Begin PBXProject section */
		0528E1BD20D8EF01007774B3 /* Project object */ = {
			isa = PBXProject;
			attributes = {
				LastSwiftUpdateCheck = 0940;
				LastUpgradeCheck = 0940;
				ORGANIZATIONNAME = "guangwei li";
				TargetAttributes = {
					0528E1C420D8EF01007774B3 = {
						CreatedOnToolsVersion = 9.4.1;
					};
					0528E1D820D8EF03007774B3 = {
						CreatedOnToolsVersion = 9.4.1;
						TestTargetID = 0528E1C420D8EF01007774B3;
					};
					0528E1E320D8EF03007774B3 = {
						CreatedOnToolsVersion = 9.4.1;
						TestTargetID = 0528E1C420D8EF01007774B3;
					};
				};
			};
			buildConfigurationList = 0528E1C020D8EF01007774B3 /* Build configuration list for PBXProject "YSKouDaiDemo" */;
			compatibilityVersion = "Xcode 9.3";
			developmentRegion = en;
			hasScannedForEncodings = 0;
			knownRegions = (
				en,
				Base,
			);
			mainGroup = 0528E1BC20D8EF01007774B3;
			productRefGroup = 0528E1C620D8EF01007774B3 /* Products */;
			projectDirPath = "";
			projectRoot = "";
			targets = (
				0528E1C420D8EF01007774B3 /* YSKouDaiDemo */,
				0528E1D820D8EF03007774B3 /* YSKouDaiDemoTests */,
				0528E1E320D8EF03007774B3 /* YSKouDaiDemoUITests */,
			);
		};
/* End PBXProject section */

/* Begin PBXResourcesBuildPhase section */
		0528E1C320D8EF01007774B3 /* Resources */ = {
			isa = PBXResourcesBuildPhase;
			buildActionMask = 2147483647;
			files = (
				0528E1D320D8EF03007774B3 /* LaunchScreen.storyboard in Resources */,
				0528E1D020D8EF03007774B3 /* Assets.xcassets in Resources */,
			);
			runOnlyForDeploymentPostprocessing = 0;
		};
		0528E1D720D8EF03007774B3 /* Resources */ = {
			isa = PBXResourcesBuildPhase;
			buildActionMask = 2147483647;
			files = (
			);
			runOnlyForDeploymentPostprocessing = 0;
		};
		0528E1E220D8EF03007774B3 /* Resources */ = {
			isa = PBXResourcesBuildPhase;
			buildActionMask = 2147483647;
			files = (
			);
			runOnlyForDeploymentPostprocessing = 0;
		};
/* End PBXResourcesBuildPhase section */

/* Begin PBXShellScriptBuildPhase section */
		054CBA927DEC319EF81F60A7 /* [CP] Embed Pods Frameworks */ = {
			isa = PBXShellScriptBuildPhase;
			buildActionMask = 2147483647;
			files = (
			);
			inputPaths = (
				"${SRCROOT}/Pods/Target Support Files/Pods-YSKouDaiDemo/Pods-YSKouDaiDemo-frameworks.sh",
				"${BUILT_PRODUCTS_DIR}/Alamofire/Alamofire.framework",
				"${BUILT_PRODUCTS_DIR}/Kingfisher/Kingfisher.framework",
				"${BUILT_PRODUCTS_DIR}/Moya/Moya.framework",
				"${BUILT_PRODUCTS_DIR}/ObjectMapper/ObjectMapper.framework",
				"${BUILT_PRODUCTS_DIR}/Result/Result.framework",
				"${BUILT_PRODUCTS_DIR}/RxSwift/RxSwift.framework",
				"${BUILT_PRODUCTS_DIR}/SnapKit/SnapKit.framework",
				"${BUILT_PRODUCTS_DIR}/SwiftyJSON/SwiftyJSON.framework",
			);
			name = "[CP] Embed Pods Frameworks";
			outputPaths = (
				"${TARGET_BUILD_DIR}/${FRAMEWORKS_FOLDER_PATH}/Alamofire.framework",
				"${TARGET_BUILD_DIR}/${FRAMEWORKS_FOLDER_PATH}/Kingfisher.framework",
				"${TARGET_BUILD_DIR}/${FRAMEWORKS_FOLDER_PATH}/Moya.framework",
				"${TARGET_BUILD_DIR}/${FRAMEWORKS_FOLDER_PATH}/ObjectMapper.framework",
				"${TARGET_BUILD_DIR}/${FRAMEWORKS_FOLDER_PATH}/Result.framework",
				"${TARGET_BUILD_DIR}/${FRAMEWORKS_FOLDER_PATH}/RxSwift.framework",
				"${TARGET_BUILD_DIR}/${FRAMEWORKS_FOLDER_PATH}/SnapKit.framework",
				"${TARGET_BUILD_DIR}/${FRAMEWORKS_FOLDER_PATH}/SwiftyJSON.framework",
			);
			runOnlyForDeploymentPostprocessing = 0;
			shellPath = /bin/sh;
			shellScript = "\"${SRCROOT}/Pods/Target Support Files/Pods-YSKouDaiDemo/Pods-YSKouDaiDemo-frameworks.sh\"\n";
			showEnvVarsInLog = 0;
		};
		4E208B3DCFA9E7BA70793543 /* [CP] Copy Pods Resources */ = {
			isa = PBXShellScriptBuildPhase;
			buildActionMask = 2147483647;
			files = (
			);
			inputPaths = (
			);
			name = "[CP] Copy Pods Resources";
			outputPaths = (
			);
			runOnlyForDeploymentPostprocessing = 0;
			shellPath = /bin/sh;
			shellScript = "\"${SRCROOT}/Pods/Target Support Files/Pods-YSKouDaiDemo/Pods-YSKouDaiDemo-resources.sh\"\n";
			showEnvVarsInLog = 0;
		};
		7BE873A712105527ACD8B370 /* [CP] Check Pods Manifest.lock */ = {
			isa = PBXShellScriptBuildPhase;
			buildActionMask = 2147483647;
			files = (
			);
			inputPaths = (
				"${PODS_PODFILE_DIR_PATH}/Podfile.lock",
				"${PODS_ROOT}/Manifest.lock",
			);
			name = "[CP] Check Pods Manifest.lock";
			outputPaths = (
				"$(DERIVED_FILE_DIR)/Pods-YSKouDaiDemo-checkManifestLockResult.txt",
			);
			runOnlyForDeploymentPostprocessing = 0;
			shellPath = /bin/sh;
			shellScript = "diff \"${PODS_PODFILE_DIR_PATH}/Podfile.lock\" \"${PODS_ROOT}/Manifest.lock\" > /dev/null\nif [ $? != 0 ] ; then\n    # print error to STDERR\n    echo \"error: The sandbox is not in sync with the Podfile.lock. Run 'pod install' or update your CocoaPods installation.\" >&2\n    exit 1\nfi\n# This output is used by Xcode 'outputs' to avoid re-running this script phase.\necho \"SUCCESS\" > \"${SCRIPT_OUTPUT_FILE_0}\"\n";
			showEnvVarsInLog = 0;
		};
/* End PBXShellScriptBuildPhase section */

/* Begin PBXSourcesBuildPhase section */
		0528E1C120D8EF01007774B3 /* Sources */ = {
			isa = PBXSourcesBuildPhase;
			buildActionMask = 2147483647;
			files = (
				0528E1CB20D8EF01007774B3 /* ViewController.swift in Sources */,
				0528E20420D902F9007774B3 /* BViewController.swift in Sources */,
				0528E1C920D8EF01007774B3 /* AppDelegate.swift in Sources */,
				0528E20020D8F6D0007774B3 /* KdTableViewCell.swift in Sources */,
				0528E1FC20D8F1D7007774B3 /* NetWorkManager.swift in Sources */,
				0528E20220D902EC007774B3 /* AViewController.swift in Sources */,
			);
			runOnlyForDeploymentPostprocessing = 0;
		};
		0528E1D520D8EF03007774B3 /* Sources */ = {
			isa = PBXSourcesBuildPhase;
			buildActionMask = 2147483647;
			files = (
				0528E1DE20D8EF03007774B3 /* YSKouDaiDemoTests.swift in Sources */,
			);
			runOnlyForDeploymentPostprocessing = 0;
		};
		0528E1E020D8EF03007774B3 /* Sources */ = {
			isa = PBXSourcesBuildPhase;
			buildActionMask = 2147483647;
			files = (
				0528E1E920D8EF03007774B3 /* YSKouDaiDemoUITests.swift in Sources */,
			);
			runOnlyForDeploymentPostprocessing = 0;
		};
/* End PBXSourcesBuildPhase section */

/* Begin PBXTargetDependency section */
		0528E1DB20D8EF03007774B3 /* PBXTargetDependency */ = {
			isa = PBXTargetDependency;
			target = 0528E1C420D8EF01007774B3 /* YSKouDaiDemo */;
			targetProxy = 0528E1DA20D8EF03007774B3 /* PBXContainerItemProxy */;
		};
		0528E1E620D8EF03007774B3 /* PBXTargetDependency */ = {
			isa = PBXTargetDependency;
			target = 0528E1C420D8EF01007774B3 /* YSKouDaiDemo */;
			targetProxy = 0528E1E520D8EF03007774B3 /* PBXContainerItemProxy */;
		};
/* End PBXTargetDependency section */

/* Begin PBXVariantGroup section */
		0528E1D120D8EF03007774B3 /* LaunchScreen.storyboard */ = {
			isa = PBXVariantGroup;
			children = (
				0528E1D220D8EF03007774B3 /* Base */,
			);
			name = LaunchScreen.storyboard;
			sourceTree = "<group>";
		};
/* End PBXVariantGroup section */

/* Begin XCBuildConfiguration section */
		0528E1EB20D8EF03007774B3 /* Debug */ = {
			isa = XCBuildConfiguration;
			buildSettings = {
				ALWAYS_SEARCH_USER_PATHS = NO;
				CLANG_ANALYZER_NONNULL = YES;
				CLANG_ANALYZER_NUMBER_OBJECT_CONVERSION = YES_AGGRESSIVE;
				CLANG_CXX_LANGUAGE_STANDARD = "gnu++14";
				CLANG_CXX_LIBRARY = "libc++";
				CLANG_ENABLE_MODULES = YES;
				CLANG_ENABLE_OBJC_ARC = YES;
				CLANG_ENABLE_OBJC_WEAK = YES;
				CLANG_WARN_BLOCK_CAPTURE_AUTORELEASING = YES;
				CLANG_WARN_BOOL_CONVERSION = YES;
				CLANG_WARN_COMMA = YES;
				CLANG_WARN_CONSTANT_CONVERSION = YES;
				CLANG_WARN_DEPRECATED_OBJC_IMPLEMENTATIONS = YES;
				CLANG_WARN_DIRECT_OBJC_ISA_USAGE = YES_ERROR;
				CLANG_WARN_DOCUMENTATION_COMMENTS = YES;
				CLANG_WARN_EMPTY_BODY = YES;
				CLANG_WARN_ENUM_CONVERSION = YES;
				CLANG_WARN_INFINITE_RECURSION = YES;
				CLANG_WARN_INT_CONVERSION = YES;
				CLANG_WARN_NON_LITERAL_NULL_CONVERSION = YES;
				CLANG_WARN_OBJC_IMPLICIT_RETAIN_SELF = YES;
				CLANG_WARN_OBJC_LITERAL_CONVERSION = YES;
				CLANG_WARN_OBJC_ROOT_CLASS = YES_ERROR;
				CLANG_WARN_RANGE_LOOP_ANALYSIS = YES;
				CLANG_WARN_STRICT_PROTOTYPES = YES;
				CLANG_WARN_SUSPICIOUS_MOVE = YES;
				CLANG_WARN_UNGUARDED_AVAILABILITY = YES_AGGRESSIVE;
				CLANG_WARN_UNREACHABLE_CODE = YES;
				CLANG_WARN__DUPLICATE_METHOD_MATCH = YES;
				CODE_SIGN_IDENTITY = "iPhone Developer";
				COPY_PHASE_STRIP = NO;
				DEBUG_INFORMATION_FORMAT = dwarf;
				ENABLE_STRICT_OBJC_MSGSEND = YES;
				ENABLE_TESTABILITY = YES;
				GCC_C_LANGUAGE_STANDARD = gnu11;
				GCC_DYNAMIC_NO_PIC = NO;
				GCC_NO_COMMON_BLOCKS = YES;
				GCC_OPTIMIZATION_LEVEL = 0;
				GCC_PREPROCESSOR_DEFINITIONS = (
					"DEBUG=1",
					"$(inherited)",
				);
				GCC_WARN_64_TO_32_BIT_CONVERSION = YES;
				GCC_WARN_ABOUT_RETURN_TYPE = YES_ERROR;
				GCC_WARN_UNDECLARED_SELECTOR = YES;
				GCC_WARN_UNINITIALIZED_AUTOS = YES_AGGRESSIVE;
				GCC_WARN_UNUSED_FUNCTION = YES;
				GCC_WARN_UNUSED_VARIABLE = YES;
				IPHONEOS_DEPLOYMENT_TARGET = 11.4;
				MTL_ENABLE_DEBUG_INFO = YES;
				ONLY_ACTIVE_ARCH = YES;
				SDKROOT = iphoneos;
				SWIFT_ACTIVE_COMPILATION_CONDITIONS = DEBUG;
				SWIFT_OPTIMIZATION_LEVEL = "-Onone";
			};
			name = Debug;
		};
		0528E1EC20D8EF03007774B3 /* Release */ = {
			isa = XCBuildConfiguration;
			buildSettings = {
				ALWAYS_SEARCH_USER_PATHS = NO;
				CLANG_ANALYZER_NONNULL = YES;
				CLANG_ANALYZER_NUMBER_OBJECT_CONVERSION = YES_AGGRESSIVE;
				CLANG_CXX_LANGUAGE_STANDARD = "gnu++14";
				CLANG_CXX_LIBRARY = "libc++";
				CLANG_ENABLE_MODULES = YES;
				CLANG_ENABLE_OBJC_ARC = YES;
				CLANG_ENABLE_OBJC_WEAK = YES;
				CLANG_WARN_BLOCK_CAPTURE_AUTORELEASING = YES;
				CLANG_WARN_BOOL_CONVERSION = YES;
				CLANG_WARN_COMMA = YES;
				CLANG_WARN_CONSTANT_CONVERSION = YES;
				CLANG_WARN_DEPRECATED_OBJC_IMPLEMENTATIONS = YES;
				CLANG_WARN_DIRECT_OBJC_ISA_USAGE = YES_ERROR;
				CLANG_WARN_DOCUMENTATION_COMMENTS = YES;
				CLANG_WARN_EMPTY_BODY = YES;
				CLANG_WARN_ENUM_CONVERSION = YES;
				CLANG_WARN_INFINITE_RECURSION = YES;
				CLANG_WARN_INT_CONVERSION = YES;
				CLANG_WARN_NON_LITERAL_NULL_CONVERSION = YES;
				CLANG_WARN_OBJC_IMPLICIT_RETAIN_SELF = YES;
				CLANG_WARN_OBJC_LITERAL_CONVERSION = YES;
				CLANG_WARN_OBJC_ROOT_CLASS = YES_ERROR;
				CLANG_WARN_RANGE_LOOP_ANALYSIS = YES;
				CLANG_WARN_STRICT_PROTOTYPES = YES;
				CLANG_WARN_SUSPICIOUS_MOVE = YES;
				CLANG_WARN_UNGUARDED_AVAILABILITY = YES_AGGRESSIVE;
				CLANG_WARN_UNREACHABLE_CODE = YES;
				CLANG_WARN__DUPLICATE_METHOD_MATCH = YES;
				CODE_SIGN_IDENTITY = "iPhone Developer";
				COPY_PHASE_STRIP = NO;
				DEBUG_INFORMATION_FORMAT = "dwarf-with-dsym";
				ENABLE_NS_ASSERTIONS = NO;
				ENABLE_STRICT_OBJC_MSGSEND = YES;
				GCC_C_LANGUAGE_STANDARD = gnu11;
				GCC_NO_COMMON_BLOCKS = YES;
				GCC_WARN_64_TO_32_BIT_CONVERSION = YES;
				GCC_WARN_ABOUT_RETURN_TYPE = YES_ERROR;
				GCC_WARN_UNDECLARED_SELECTOR = YES;
				GCC_WARN_UNINITIALIZED_AUTOS = YES_AGGRESSIVE;
				GCC_WARN_UNUSED_FUNCTION = YES;
				GCC_WARN_UNUSED_VARIABLE = YES;
				IPHONEOS_DEPLOYMENT_TARGET = 11.4;
				MTL_ENABLE_DEBUG_INFO = NO;
				SDKROOT = iphoneos;
				SWIFT_COMPILATION_MODE = wholemodule;
				SWIFT_OPTIMIZATION_LEVEL = "-O";
				VALIDATE_PRODUCT = YES;
			};
			name = Release;
		};
		0528E1EE20D8EF03007774B3 /* Debug */ = {
			isa = XCBuildConfiguration;
			baseConfigurationReference = A2CE6A0F9D23BB24A8F68D85 /* Pods-YSKouDaiDemo.debug.xcconfig */;
			buildSettings = {
				ASSETCATALOG_COMPILER_APPICON_NAME = AppIcon;
				CODE_SIGN_STYLE = Automatic;
				INFOPLIST_FILE = YSKouDaiDemo/Info.plist;
				LD_RUNPATH_SEARCH_PATHS = (
					"$(inherited)",
					"@executable_path/Frameworks",
				);
				PRODUCT_BUNDLE_IDENTIFIER = li.YSKouDaiDemo;
				PRODUCT_NAME = "$(TARGET_NAME)";
				SWIFT_VERSION = 4.0;
				TARGETED_DEVICE_FAMILY = "1,2";
			};
			name = Debug;
		};
		0528E1EF20D8EF03007774B3 /* Release */ = {
			isa = XCBuildConfiguration;
			baseConfigurationReference = 99745FAD48CAA7C2450483F6 /* Pods-YSKouDaiDemo.release.xcconfig */;
			buildSettings = {
				ASSETCATALOG_COMPILER_APPICON_NAME = AppIcon;
				CODE_SIGN_STYLE = Automatic;
				INFOPLIST_FILE = YSKouDaiDemo/Info.plist;
				LD_RUNPATH_SEARCH_PATHS = (
					"$(inherited)",
					"@executable_path/Frameworks",
				);
				PRODUCT_BUNDLE_IDENTIFIER = li.YSKouDaiDemo;
				PRODUCT_NAME = "$(TARGET_NAME)";
				SWIFT_VERSION = 4.0;
				TARGETED_DEVICE_FAMILY = "1,2";
			};
			name = Release;
		};
		0528E1F120D8EF03007774B3 /* Debug */ = {
			isa = XCBuildConfiguration;
			buildSettings = {
				ALWAYS_EMBED_SWIFT_STANDARD_LIBRARIES = YES;
				BUNDLE_LOADER = "$(TEST_HOST)";
				CODE_SIGN_STYLE = Automatic;
				INFOPLIST_FILE = YSKouDaiDemoTests/Info.plist;
				LD_RUNPATH_SEARCH_PATHS = (
					"$(inherited)",
					"@executable_path/Frameworks",
					"@loader_path/Frameworks",
				);
				PRODUCT_BUNDLE_IDENTIFIER = li.YSKouDaiDemoTests;
				PRODUCT_NAME = "$(TARGET_NAME)";
				SWIFT_VERSION = 4.0;
				TARGETED_DEVICE_FAMILY = "1,2";
				TEST_HOST = "$(BUILT_PRODUCTS_DIR)/YSKouDaiDemo.app/YSKouDaiDemo";
			};
			name = Debug;
		};
		0528E1F220D8EF03007774B3 /* Release */ = {
			isa = XCBuildConfiguration;
			buildSettings = {
				ALWAYS_EMBED_SWIFT_STANDARD_LIBRARIES = YES;
				BUNDLE_LOADER = "$(TEST_HOST)";
				CODE_SIGN_STYLE = Automatic;
				INFOPLIST_FILE = YSKouDaiDemoTests/Info.plist;
				LD_RUNPATH_SEARCH_PATHS = (
					"$(inherited)",
					"@executable_path/Frameworks",
					"@loader_path/Frameworks",
				);
				PRODUCT_BUNDLE_IDENTIFIER = li.YSKouDaiDemoTests;
				PRODUCT_NAME = "$(TARGET_NAME)";
				SWIFT_VERSION = 4.0;
				TARGETED_DEVICE_FAMILY = "1,2";
				TEST_HOST = "$(BUILT_PRODUCTS_DIR)/YSKouDaiDemo.app/YSKouDaiDemo";
			};
			name = Release;
		};
		0528E1F420D8EF03007774B3 /* Debug */ = {
			isa = XCBuildConfiguration;
			buildSettings = {
				ALWAYS_EMBED_SWIFT_STANDARD_LIBRARIES = YES;
				CODE_SIGN_STYLE = Automatic;
				INFOPLIST_FILE = YSKouDaiDemoUITests/Info.plist;
				LD_RUNPATH_SEARCH_PATHS = (
					"$(inherited)",
					"@executable_path/Frameworks",
					"@loader_path/Frameworks",
				);
				PRODUCT_BUNDLE_IDENTIFIER = li.YSKouDaiDemoUITests;
				PRODUCT_NAME = "$(TARGET_NAME)";
				SWIFT_VERSION = 4.0;
				TARGETED_DEVICE_FAMILY = "1,2";
				TEST_TARGET_NAME = YSKouDaiDemo;
			};
			name = Debug;
		};
		0528E1F520D8EF03007774B3 /* Release */ = {
			isa = XCBuildConfiguration;
			buildSettings = {
				ALWAYS_EMBED_SWIFT_STANDARD_LIBRARIES = YES;
				CODE_SIGN_STYLE = Automatic;
				INFOPLIST_FILE = YSKouDaiDemoUITests/Info.plist;
				LD_RUNPATH_SEARCH_PATHS = (
					"$(inherited)",
					"@executable_path/Frameworks",
					"@loader_path/Frameworks",
				);
				PRODUCT_BUNDLE_IDENTIFIER = li.YSKouDaiDemoUITests;
				PRODUCT_NAME = "$(TARGET_NAME)";
				SWIFT_VERSION = 4.0;
				TARGETED_DEVICE_FAMILY = "1,2";
				TEST_TARGET_NAME = YSKouDaiDemo;
			};
			name = Release;
		};
/* End XCBuildConfiguration section */

/* Begin XCConfigurationList section */
		0528E1C020D8EF01007774B3 /* Build configuration list for PBXProject "YSKouDaiDemo" */ = {
			isa = XCConfigurationList;
			buildConfigurations = (
				0528E1EB20D8EF03007774B3 /* Debug */,
				0528E1EC20D8EF03007774B3 /* Release */,
			);
			defaultConfigurationIsVisible = 0;
			defaultConfigurationName = Release;
		};
		0528E1ED20D8EF03007774B3 /* Build configuration list for PBXNativeTarget "YSKouDaiDemo" */ = {
			isa = XCConfigurationList;
			buildConfigurations = (
				0528E1EE20D8EF03007774B3 /* Debug */,
				0528E1EF20D8EF03007774B3 /* Release */,
			);
			defaultConfigurationIsVisible = 0;
			defaultConfigurationName = Release;
		};
		0528E1F020D8EF03007774B3 /* Build configuration list for PBXNativeTarget "YSKouDaiDemoTests" */ = {
			isa = XCConfigurationList;
			buildConfigurations = (
				0528E1F120D8EF03007774B3 /* Debug */,
				0528E1F220D8EF03007774B3 /* Release */,
			);
			defaultConfigurationIsVisible = 0;
			defaultConfigurationName = Release;
		};
		0528E1F320D8EF03007774B3 /* Build configuration list for PBXNativeTarget "YSKouDaiDemoUITests" */ = {
			isa = XCConfigurationList;
			buildConfigurations = (
				0528E1F420D8EF03007774B3 /* Debug */,
				0528E1F520D8EF03007774B3 /* Release */,
			);
			defaultConfigurationIsVisible = 0;
			defaultConfigurationName = Release;
		};
/* End XCConfigurationList section */
	};
	rootObject = 0528E1BD20D8EF01007774B3 /* Project object */;
}
